// !$*UTF8*$!
{
	archiveVersion = 1;
	classes = {
	};
	objectVersion = 50;
	objects = {

/* Begin PBXBuildFile section */
		5C52F081242D9DAC0011AEBA /* AppDelegate.swift in Sources */ = {isa = PBXBuildFile; fileRef = 5C52F080242D9DAC0011AEBA /* AppDelegate.swift */; };
		5C52F083242D9DAC0011AEBA /* SceneDelegate.swift in Sources */ = {isa = PBXBuildFile; fileRef = 5C52F082242D9DAC0011AEBA /* SceneDelegate.swift */; };
		5C52F085242D9DAC0011AEBA /* SimpleViewController.swift in Sources */ = {isa = PBXBuildFile; fileRef = 5C52F084242D9DAC0011AEBA /* SimpleViewController.swift */; };
		5C52F088242D9DAC0011AEBA /* Main.storyboard in Resources */ = {isa = PBXBuildFile; fileRef = 5C52F086242D9DAC0011AEBA /* Main.storyboard */; };
		5C52F08A242D9DAD0011AEBA /* Assets.xcassets in Resources */ = {isa = PBXBuildFile; fileRef = 5C52F089242D9DAD0011AEBA /* Assets.xcassets */; };
		5C52F08D242D9DAD0011AEBA /* LaunchScreen.storyboard in Resources */ = {isa = PBXBuildFile; fileRef = 5C52F08B242D9DAD0011AEBA /* LaunchScreen.storyboard */; };
		5C52F098242D9DAD0011AEBA /* MVVMTests.swift in Sources */ = {isa = PBXBuildFile; fileRef = 5C52F097242D9DAD0011AEBA /* MVVMTests.swift */; };
		5C52F0A7242D9E060011AEBA /* SimpleModel.swift in Sources */ = {isa = PBXBuildFile; fileRef = 5C52F0A6242D9E060011AEBA /* SimpleModel.swift */; };
		5C52F0A9242D9E220011AEBA /* SimpleViewModel.swift in Sources */ = {isa = PBXBuildFile; fileRef = 5C52F0A8242D9E220011AEBA /* SimpleViewModel.swift */; };
		5C52F0AB242D9E370011AEBA /* DataBinding.swift in Sources */ = {isa = PBXBuildFile; fileRef = 5C52F0AA242D9E370011AEBA /* DataBinding.swift */; };
/* End PBXBuildFile section */

/* Begin PBXContainerItemProxy section */
		5C52F094242D9DAD0011AEBA /* PBXContainerItemProxy */ = {
			isa = PBXContainerItemProxy;
			containerPortal = 5C52F075242D9DAC0011AEBA /* Project object */;
			proxyType = 1;
			remoteGlobalIDString = 5C52F07C242D9DAC0011AEBA;
			remoteInfo = MVVM;
		};
/* End PBXContainerItemProxy section */

/* Begin PBXFileReference section */
		5C52F07D242D9DAC0011AEBA /* MVVM.app */ = {isa = PBXFileReference; explicitFileType = wrapper.application; includeInIndex = 0; path = MVVM.app; sourceTree = BUILT_PRODUCTS_DIR; };
		5C52F080242D9DAC0011AEBA /* AppDelegate.swift */ = {isa = PBXFileReference; lastKnownFileType = sourcecode.swift; path = AppDelegate.swift; sourceTree = "<group>"; };
		5C52F082242D9DAC0011AEBA /* SceneDelegate.swift */ = {isa = PBXFileReference; lastKnownFileType = sourcecode.swift; path = SceneDelegate.swift; sourceTree = "<group>"; };
		5C52F084242D9DAC0011AEBA /* SimpleViewController.swift */ = {isa = PBXFileReference; lastKnownFileType = sourcecode.swift; path = SimpleViewController.swift; sourceTree = "<group>"; };
		5C52F087242D9DAC0011AEBA /* Base */ = {isa = PBXFileReference; lastKnownFileType = file.storyboard; name = Base; path = Base.lproj/Main.storyboard; sourceTree = "<group>"; };
		5C52F089242D9DAD0011AEBA /* Assets.xcassets */ = {isa = PBXFileReference; lastKnownFileType = folder.assetcatalog; path = Assets.xcassets; sourceTree = "<group>"; };
		5C52F08C242D9DAD0011AEBA /* Base */ = {isa = PBXFileReference; lastKnownFileType = file.storyboard; name = Base; path = Base.lproj/LaunchScreen.storyboard; sourceTree = "<group>"; };
		5C52F08E242D9DAD0011AEBA /* Info.plist */ = {isa = PBXFileReference; lastKnownFileType = text.plist.xml; path = Info.plist; sourceTree = "<group>"; };
		5C52F093242D9DAD0011AEBA /* MVVMTests.xctest */ = {isa = PBXFileReference; explicitFileType = wrapper.cfbundle; includeInIndex = 0; path = MVVMTests.xctest; sourceTree = BUILT_PRODUCTS_DIR; };
		5C52F097242D9DAD0011AEBA /* MVVMTests.swift */ = {isa = PBXFileReference; lastKnownFileType = sourcecode.swift; path = MVVMTests.swift; sourceTree = "<group>"; };
		5C52F099242D9DAD0011AEBA /* Info.plist */ = {isa = PBXFileReference; lastKnownFileType = text.plist.xml; path = Info.plist; sourceTree = "<group>"; };
		5C52F0A6242D9E060011AEBA /* SimpleModel.swift */ = {isa = PBXFileReference; lastKnownFileType = sourcecode.swift; path = SimpleModel.swift; sourceTree = "<group>"; };
		5C52F0A8242D9E220011AEBA /* SimpleViewModel.swift */ = {isa = PBXFileReference; lastKnownFileType = sourcecode.swift; path = SimpleViewModel.swift; sourceTree = "<group>"; };
		5C52F0AA242D9E370011AEBA /* DataBinding.swift */ = {isa = PBXFileReference; lastKnownFileType = sourcecode.swift; path = DataBinding.swift; sourceTree = "<group>"; };
		5C52F0AC242DACBF0011AEBA /* README.md */ = {isa = PBXFileReference; lastKnownFileType = net.daringfireball.markdown; path = README.md; sourceTree = "<group>"; };
/* End PBXFileReference section */

/* Begin PBXFrameworksBuildPhase section */
		5C52F07A242D9DAC0011AEBA /* Frameworks */ = {
			isa = PBXFrameworksBuildPhase;
			buildActionMask = 2147483647;
			files = (
			);
			runOnlyForDeploymentPostprocessing = 0;
		};
		5C52F090242D9DAD0011AEBA /* Frameworks */ = {
			isa = PBXFrameworksBuildPhase;
			buildActionMask = 2147483647;
			files = (
			);
			runOnlyForDeploymentPostprocessing = 0;
		};
/* End PBXFrameworksBuildPhase section */

/* Begin PBXGroup section */
		5C52F074242D9DAC0011AEBA = {
			isa = PBXGroup;
			children = (
				5C52F0AC242DACBF0011AEBA /* README.md */,
				5C52F07F242D9DAC0011AEBA /* MVVM */,
				5C52F096242D9DAD0011AEBA /* MVVMTests */,
				5C52F07E242D9DAC0011AEBA /* Products */,
			);
			sourceTree = "<group>";
		};
		5C52F07E242D9DAC0011AEBA /* Products */ = {
			isa = PBXGroup;
			children = (
				5C52F07D242D9DAC0011AEBA /* MVVM.app */,
				5C52F093242D9DAD0011AEBA /* MVVMTests.xctest */,
			);
			name = Products;
			sourceTree = "<group>";
		};
		5C52F07F242D9DAC0011AEBA /* MVVM */ = {
			isa = PBXGroup;
			children = (
				5C52F080242D9DAC0011AEBA /* AppDelegate.swift */,
				5C52F082242D9DAC0011AEBA /* SceneDelegate.swift */,
				5C52F0A4242D9DE30011AEBA /* Model */,
				5C52F0A3242D9DDC0011AEBA /* View */,
				5C52F0A5242D9DE90011AEBA /* View Model */,
				5CC3FB2724318EBC001FC2E9 /* Supporting Files */,
			);
			path = MVVM;
			sourceTree = "<group>";
		};
		5C52F096242D9DAD0011AEBA /* MVVMTests */ = {
			isa = PBXGroup;
			children = (
				5C52F097242D9DAD0011AEBA /* MVVMTests.swift */,
				5C52F099242D9DAD0011AEBA /* Info.plist */,
			);
			path = MVVMTests;
			sourceTree = "<group>";
		};
		5C52F0A3242D9DDC0011AEBA /* View */ = {
			isa = PBXGroup;
			children = (
				5C52F084242D9DAC0011AEBA /* SimpleViewController.swift */,
				5C52F086242D9DAC0011AEBA /* Main.storyboard */,
			);
			path = View;
			sourceTree = "<group>";
		};
		5C52F0A4242D9DE30011AEBA /* Model */ = {
			isa = PBXGroup;
			children = (
				5C52F0A6242D9E060011AEBA /* SimpleModel.swift */,
			);
			path = Model;
			sourceTree = "<group>";
		};
		5C52F0A5242D9DE90011AEBA /* View Model */ = {
			isa = PBXGroup;
			children = (
				5C52F0AA242D9E370011AEBA /* DataBinding.swift */,
				5C52F0A8242D9E220011AEBA /* SimpleViewModel.swift */,
			);
			path = "View Model";
			sourceTree = "<group>";
		};
		5CC3FB2724318EBC001FC2E9 /* Supporting Files */ = {
			isa = PBXGroup;
			children = (
				5C52F089242D9DAD0011AEBA /* Assets.xcassets */,
				5C52F08B242D9DAD0011AEBA /* LaunchScreen.storyboard */,
				5C52F08E242D9DAD0011AEBA /* Info.plist */,
			);
			path = "Supporting Files";
			sourceTree = "<group>";
		};
/* End PBXGroup section */

/* Begin PBXNativeTarget section */
		5C52F07C242D9DAC0011AEBA /* MVVM */ = {
			isa = PBXNativeTarget;
			buildConfigurationList = 5C52F09C242D9DAD0011AEBA /* Build configuration list for PBXNativeTarget "MVVM" */;
			buildPhases = (
				5C52F079242D9DAC0011AEBA /* Sources */,
				5C52F07A242D9DAC0011AEBA /* Frameworks */,
				5C52F07B242D9DAC0011AEBA /* Resources */,
			);
			buildRules = (
			);
			dependencies = (
			);
			name = MVVM;
			productName = MVVM;
			productReference = 5C52F07D242D9DAC0011AEBA /* MVVM.app */;
			productType = "com.apple.product-type.application";
		};
		5C52F092242D9DAD0011AEBA /* MVVMTests */ = {
			isa = PBXNativeTarget;
			buildConfigurationList = 5C52F09F242D9DAD0011AEBA /* Build configuration list for PBXNativeTarget "MVVMTests" */;
			buildPhases = (
				5C52F08F242D9DAD0011AEBA /* Sources */,
				5C52F090242D9DAD0011AEBA /* Frameworks */,
				5C52F091242D9DAD0011AEBA /* Resources */,
			);
			buildRules = (
			);
			dependencies = (
				5C52F095242D9DAD0011AEBA /* PBXTargetDependency */,
			);
			name = MVVMTests;
			productName = MVVMTests;
			productReference = 5C52F093242D9DAD0011AEBA /* MVVMTests.xctest */;
			productType = "com.apple.product-type.bundle.unit-test";
		};
/* End PBXNativeTarget section */

/* Begin PBXProject section */
		5C52F075242D9DAC0011AEBA /* Project object */ = {
			isa = PBXProject;
			attributes = {
				LastSwiftUpdateCheck = 1130;
				LastUpgradeCheck = 1130;
				ORGANIZATIONNAME = LMinh;
				TargetAttributes = {
					5C52F07C242D9DAC0011AEBA = {
						CreatedOnToolsVersion = 11.3.1;
					};
					5C52F092242D9DAD0011AEBA = {
						CreatedOnToolsVersion = 11.3.1;
						TestTargetID = 5C52F07C242D9DAC0011AEBA;
					};
				};
			};
			buildConfigurationList = 5C52F078242D9DAC0011AEBA /* Build configuration list for PBXProject "MVVM" */;
			compatibilityVersion = "Xcode 9.3";
			developmentRegion = en;
			hasScannedForEncodings = 0;
			knownRegions = (
				en,
				Base,
			);
			mainGroup = 5C52F074242D9DAC0011AEBA;
			productRefGroup = 5C52F07E242D9DAC0011AEBA /* Products */;
			projectDirPath = "";
			projectRoot = "";
			targets = (
				5C52F07C242D9DAC0011AEBA /* MVVM */,
				5C52F092242D9DAD0011AEBA /* MVVMTests */,
			);
		};
/* End PBXProject section */

/* Begin PBXResourcesBuildPhase section */
		5C52F07B242D9DAC0011AEBA /* Resources */ = {
			isa = PBXResourcesBuildPhase;
			buildActionMask = 2147483647;
			files = (
				5C52F08D242D9DAD0011AEBA /* LaunchScreen.storyboard in Resources */,
				5C52F08A242D9DAD0011AEBA /* Assets.xcassets in Resources */,
				5C52F088242D9DAC0011AEBA /* Main.storyboard in Resources */,
			);
			runOnlyForDeploymentPostprocessing = 0;
		};
		5C52F091242D9DAD0011AEBA /* Resources */ = {
			isa = PBXResourcesBuildPhase;
			buildActionMask = 2147483647;
			files = (
			);
			runOnlyForDeploymentPostprocessing = 0;
		};
/* End PBXResourcesBuildPhase section */

/* Begin PBXSourcesBuildPhase section */
		5C52F079242D9DAC0011AEBA /* Sources */ = {
			isa = PBXSourcesBuildPhase;
			buildActionMask = 2147483647;
			files = (
				5C52F0A9242D9E220011AEBA /* SimpleViewModel.swift in Sources */,
				5C52F0AB242D9E370011AEBA /* DataBinding.swift in Sources */,
				5C52F085242D9DAC0011AEBA /* SimpleViewController.swift in Sources */,
				5C52F081242D9DAC0011AEBA /* AppDelegate.swift in Sources */,
				5C52F083242D9DAC0011AEBA /* SceneDelegate.swift in Sources */,
				5C52F0A7242D9E060011AEBA /* SimpleModel.swift in Sources */,
			);
			runOnlyForDeploymentPostprocessing = 0;
		};
		5C52F08F242D9DAD0011AEBA /* Sources */ = {
			isa = PBXSourcesBuildPhase;
			buildActionMask = 2147483647;
			files = (
				5C52F098242D9DAD0011AEBA /* MVVMTests.swift in Sources */,
			);
			runOnlyForDeploymentPostprocessing = 0;
		};
/* End PBXSourcesBuildPhase section */

/* Begin PBXTargetDependency section */
		5C52F095242D9DAD0011AEBA /* PBXTargetDependency */ = {
			isa = PBXTargetDependency;
			target = 5C52F07C242D9DAC0011AEBA /* MVVM */;
			targetProxy = 5C52F094242D9DAD0011AEBA /* PBXContainerItemProxy */;
		};
/* End PBXTargetDependency section */

/* Begin PBXVariantGroup section */
		5C52F086242D9DAC0011AEBA /* Main.storyboard */ = {
			isa = PBXVariantGroup;
			children = (
				5C52F087242D9DAC0011AEBA /* Base */,
			);
			name = Main.storyboard;
			sourceTree = "<group>";
		};
		5C52F08B242D9DAD0011AEBA /* LaunchScreen.storyboard */ = {
			isa = PBXVariantGroup;
			children = (
				5C52F08C242D9DAD0011AEBA /* Base */,
			);
			name = LaunchScreen.storyboard;
			sourceTree = "<group>";
		};
/* End PBXVariantGroup section */

/* Begin XCBuildConfiguration section */
		5C52F09A242D9DAD0011AEBA /* Debug */ = {
			isa = XCBuildConfiguration;
			buildSettings = {
				ALWAYS_SEARCH_USER_PATHS = NO;
				CLANG_ANALYZER_NONNULL = YES;
				CLANG_ANALYZER_NUMBER_OBJECT_CONVERSION = YES_AGGRESSIVE;
				CLANG_CXX_LANGUAGE_STANDARD = "gnu++14";
				CLANG_CXX_LIBRARY = "libc++";
				CLANG_ENABLE_MODULES = YES;
				CLANG_ENABLE_OBJC_ARC = YES;
				CLANG_ENABLE_OBJC_WEAK = YES;
				CLANG_WARN_BLOCK_CAPTURE_AUTORELEASING = YES;
				CLANG_WARN_BOOL_CONVERSION = YES;
				CLANG_WARN_COMMA = YES;
				CLANG_WARN_CONSTANT_CONVERSION = YES;
				CLANG_WARN_DEPRECATED_OBJC_IMPLEMENTATIONS = YES;
				CLANG_WARN_DIRECT_OBJC_ISA_USAGE = YES_ERROR;
				CLANG_WARN_DOCUMENTATION_COMMENTS = YES;
				CLANG_WARN_EMPTY_BODY = YES;
				CLANG_WARN_ENUM_CONVERSION = YES;
				CLANG_WARN_INFINITE_RECURSION = YES;
				CLANG_WARN_INT_CONVERSION = YES;
				CLANG_WARN_NON_LITERAL_NULL_CONVERSION = YES;
				CLANG_WARN_OBJC_IMPLICIT_RETAIN_SELF = YES;
				CLANG_WARN_OBJC_LITERAL_CONVERSION = YES;
				CLANG_WARN_OBJC_ROOT_CLASS = YES_ERROR;
				CLANG_WARN_RANGE_LOOP_ANALYSIS = YES;
				CLANG_WARN_STRICT_PROTOTYPES = YES;
				CLANG_WARN_SUSPICIOUS_MOVE = YES;
				CLANG_WARN_UNGUARDED_AVAILABILITY = YES_AGGRESSIVE;
				CLANG_WARN_UNREACHABLE_CODE = YES;
				CLANG_WARN__DUPLICATE_METHOD_MATCH = YES;
				COPY_PHASE_STRIP = NO;
				DEBUG_INFORMATION_FORMAT = dwarf;
				ENABLE_STRICT_OBJC_MSGSEND = YES;
				ENABLE_TESTABILITY = YES;
				GCC_C_LANGUAGE_STANDARD = gnu11;
				GCC_DYNAMIC_NO_PIC = NO;
				GCC_NO_COMMON_BLOCKS = YES;
				GCC_OPTIMIZATION_LEVEL = 0;
				GCC_PREPROCESSOR_DEFINITIONS = (
					"DEBUG=1",
					"$(inherited)",
				);
				GCC_WARN_64_TO_32_BIT_CONVERSION = YES;
				GCC_WARN_ABOUT_RETURN_TYPE = YES_ERROR;
				GCC_WARN_UNDECLARED_SELECTOR = YES;
				GCC_WARN_UNINITIALIZED_AUTOS = YES_AGGRESSIVE;
				GCC_WARN_UNUSED_FUNCTION = YES;
				GCC_WARN_UNUSED_VARIABLE = YES;
				IPHONEOS_DEPLOYMENT_TARGET = 13.2;
				MTL_ENABLE_DEBUG_INFO = INCLUDE_SOURCE;
				MTL_FAST_MATH = YES;
				ONLY_ACTIVE_ARCH = YES;
				SDKROOT = iphoneos;
				SWIFT_ACTIVE_COMPILATION_CONDITIONS = DEBUG;
				SWIFT_OPTIMIZATION_LEVEL = "-Onone";
			};
			name = Debug;
		};
		5C52F09B242D9DAD0011AEBA /* Release */ = {
			isa = XCBuildConfiguration;
			buildSettings = {
				ALWAYS_SEARCH_USER_PATHS = NO;
				CLANG_ANALYZER_NONNULL = YES;
				CLANG_ANALYZER_NUMBER_OBJECT_CONVERSION = YES_AGGRESSIVE;
				CLANG_CXX_LANGUAGE_STANDARD = "gnu++14";
				CLANG_CXX_LIBRARY = "libc++";
				CLANG_ENABLE_MODULES = YES;
				CLANG_ENABLE_OBJC_ARC = YES;
				CLANG_ENABLE_OBJC_WEAK = YES;
				CLANG_WARN_BLOCK_CAPTURE_AUTORELEASING = YES;
				CLANG_WARN_BOOL_CONVERSION = YES;
				CLANG_WARN_COMMA = YES;
				CLANG_WARN_CONSTANT_CONVERSION = YES;
				CLANG_WARN_DEPRECATED_OBJC_IMPLEMENTATIONS = YES;
				CLANG_WARN_DIRECT_OBJC_ISA_USAGE = YES_ERROR;
				CLANG_WARN_DOCUMENTATION_COMMENTS = YES;
				CLANG_WARN_EMPTY_BODY = YES;
				CLANG_WARN_ENUM_CONVERSION = YES;
				CLANG_WARN_INFINITE_RECURSION = YES;
				CLANG_WARN_INT_CONVERSION = YES;
				CLANG_WARN_NON_LITERAL_NULL_CONVERSION = YES;
				CLANG_WARN_OBJC_IMPLICIT_RETAIN_SELF = YES;
				CLANG_WARN_OBJC_LITERAL_CONVERSION = YES;
				CLANG_WARN_OBJC_ROOT_CLASS = YES_ERROR;
				CLANG_WARN_RANGE_LOOP_ANALYSIS = YES;
				CLANG_WARN_STRICT_PROTOTYPES = YES;
				CLANG_WARN_SUSPICIOUS_MOVE = YES;
				CLANG_WARN_UNGUARDED_AVAILABILITY = YES_AGGRESSIVE;
				CLANG_WARN_UNREACHABLE_CODE = YES;
				CLANG_WARN__DUPLICATE_METHOD_MATCH = YES;
				COPY_PHASE_STRIP = NO;
				DEBUG_INFORMATION_FORMAT = "dwarf-with-dsym";
				ENABLE_NS_ASSERTIONS = NO;
				ENABLE_STRICT_OBJC_MSGSEND = YES;
				GCC_C_LANGUAGE_STANDARD = gnu11;
				GCC_NO_COMMON_BLOCKS = YES;
				GCC_WARN_64_TO_32_BIT_CONVERSION = YES;
				GCC_WARN_ABOUT_RETURN_TYPE = YES_ERROR;
				GCC_WARN_UNDECLARED_SELECTOR = YES;
				GCC_WARN_UNINITIALIZED_AUTOS = YES_AGGRESSIVE;
				GCC_WARN_UNUSED_FUNCTION = YES;
				GCC_WARN_UNUSED_VARIABLE = YES;
				IPHONEOS_DEPLOYMENT_TARGET = 13.2;
				MTL_ENABLE_DEBUG_INFO = NO;
				MTL_FAST_MATH = YES;
				SDKROOT = iphoneos;
				SWIFT_COMPILATION_MODE = wholemodule;
				SWIFT_OPTIMIZATION_LEVEL = "-O";
				VALIDATE_PRODUCT = YES;
			};
			name = Release;
		};
		5C52F09D242D9DAD0011AEBA /* Debug */ = {
			isa = XCBuildConfiguration;
			buildSettings = {
				ASSETCATALOG_COMPILER_APPICON_NAME = AppIcon;
				CODE_SIGN_STYLE = Automatic;
				DEVELOPMENT_TEAM = 6HXC4UA9AV;
				INFOPLIST_FILE = "MVVM/Supporting Files/Info.plist";
				LD_RUNPATH_SEARCH_PATHS = (
					"$(inherited)",
					"@executable_path/Frameworks",
				);
				PRODUCT_BUNDLE_IDENTIFIER = com.lminh.MVVM;
				PRODUCT_NAME = "$(TARGET_NAME)";
				SWIFT_VERSION = 5.0;
				TARGETED_DEVICE_FAMILY = "1,2";
			};
			name = Debug;
		};
		5C52F09E242D9DAD0011AEBA /* Release */ = {
			isa = XCBuildConfiguration;
			buildSettings = {
				ASSETCATALOG_COMPILER_APPICON_NAME = AppIcon;
				CODE_SIGN_STYLE = Automatic;
				DEVELOPMENT_TEAM = 6HXC4UA9AV;
				INFOPLIST_FILE = "MVVM/Supporting Files/Info.plist";
				LD_RUNPATH_SEARCH_PATHS = (
					"$(inherited)",
					"@executable_path/Frameworks",
				);
				PRODUCT_BUNDLE_IDENTIFIER = com.lminh.MVVM;
				PRODUCT_NAME = "$(TARGET_NAME)";
				SWIFT_VERSION = 5.0;
				TARGETED_DEVICE_FAMILY = "1,2";
			};
			name = Release;
		};
		5C52F0A0242D9DAD0011AEBA /* Debug */ = {
			isa = XCBuildConfiguration;
			buildSettings = {
				ALWAYS_EMBED_SWIFT_STANDARD_LIBRARIES = YES;
				BUNDLE_LOADER = "$(TEST_HOST)";
				CODE_SIGN_STYLE = Automatic;
				DEVELOPMENT_TEAM = 6HXC4UA9AV;
				INFOPLIST_FILE = MVVMTests/Info.plist;
				IPHONEOS_DEPLOYMENT_TARGET = 13.2;
				LD_RUNPATH_SEARCH_PATHS = (
					"$(inherited)",
					"@executable_path/Frameworks",
					"@loader_path/Frameworks",
				);
				PRODUCT_BUNDLE_IDENTIFIER = com.lminh.MVVMTests;
				PRODUCT_NAME = "$(TARGET_NAME)";
				SWIFT_VERSION = 5.0;
				TARGETED_DEVICE_FAMILY = "1,2";
				TEST_HOST = "$(BUILT_PRODUCTS_DIR)/MVVM.app/MVVM";
			};
			name = Debug;
		};
		5C52F0A1242D9DAD0011AEBA /* Release */ = {
			isa = XCBuildConfiguration;
			buildSettings = {
				ALWAYS_EMBED_SWIFT_STANDARD_LIBRARIES = YES;
				BUNDLE_LOADER = "$(TEST_HOST)";
				CODE_SIGN_STYLE = Automatic;
				DEVELOPMENT_TEAM = 6HXC4UA9AV;
				INFOPLIST_FILE = MVVMTests/Info.plist;
				IPHONEOS_DEPLOYMENT_TARGET = 13.2;
				LD_RUNPATH_SEARCH_PATHS = (
					"$(inherited)",
					"@executable_path/Frameworks",
					"@loader_path/Frameworks",
				);
				PRODUCT_BUNDLE_IDENTIFIER = com.lminh.MVVMTests;
				PRODUCT_NAME = "$(TARGET_NAME)";
				SWIFT_VERSION = 5.0;
				TARGETED_DEVICE_FAMILY = "1,2";
				TEST_HOST = "$(BUILT_PRODUCTS_DIR)/MVVM.app/MVVM";
			};
			name = Release;
		};
/* End XCBuildConfiguration section */

/* Begin XCConfigurationList section */
		5C52F078242D9DAC0011AEBA /* Build configuration list for PBXProject "MVVM" */ = {
			isa = XCConfigurationList;
			buildConfigurations = (
				5C52F09A242D9DAD0011AEBA /* Debug */,
				5C52F09B242D9DAD0011AEBA /* Release */,
			);
			defaultConfigurationIsVisible = 0;
			defaultConfigurationName = Release;
		};
		5C52F09C242D9DAD0011AEBA /* Build configuration list for PBXNativeTarget "MVVM" */ = {
			isa = XCConfigurationList;
			buildConfigurations = (
				5C52F09D242D9DAD0011AEBA /* Debug */,
				5C52F09E242D9DAD0011AEBA /* Release */,
			);
			defaultConfigurationIsVisible = 0;
			defaultConfigurationName = Release;
		};
		5C52F09F242D9DAD0011AEBA /* Build configuration list for PBXNativeTarget "MVVMTests" */ = {
			isa = XCConfigurationList;
			buildConfigurations = (
				5C52F0A0242D9DAD0011AEBA /* Debug */,
				5C52F0A1242D9DAD0011AEBA /* Release */,
			);
			defaultConfigurationIsVisible = 0;
			defaultConfigurationName = Release;
		};
/* End XCConfigurationList section */
	};
	rootObject = 5C52F075242D9DAC0011AEBA /* Project object */;
}
