// !$*UTF8*$!
{
	archiveVersion = 1;
	classes = {
	};
	objectVersion = 50;
	objects = {

/* Begin PBXBuildFile section */
		5C52F04A242CC2B50011AEBA /* AppDelegate.swift in Sources */ = {isa = PBXBuildFile; fileRef = 5C52F049242CC2B50011AEBA /* AppDelegate.swift */; };
		5C52F04C242CC2B50011AEBA /* SceneDelegate.swift in Sources */ = {isa = PBXBuildFile; fileRef = 5C52F04B242CC2B50011AEBA /* SceneDelegate.swift */; };
		5C52F04E242CC2B50011AEBA /* SimpleViewController.swift in Sources */ = {isa = PBXBuildFile; fileRef = 5C52F04D242CC2B50011AEBA /* SimpleViewController.swift */; };
		5C52F051242CC2B50011AEBA /* Main.storyboard in Resources */ = {isa = PBXBuildFile; fileRef = 5C52F04F242CC2B50011AEBA /* Main.storyboard */; };
		5C52F053242CC2B60011AEBA /* Assets.xcassets in Resources */ = {isa = PBXBuildFile; fileRef = 5C52F052242CC2B60011AEBA /* Assets.xcassets */; };
		5C52F056242CC2B60011AEBA /* LaunchScreen.storyboard in Resources */ = {isa = PBXBuildFile; fileRef = 5C52F054242CC2B60011AEBA /* LaunchScreen.storyboard */; };
		5C52F061242CC2B60011AEBA /* MVPTests.swift in Sources */ = {isa = PBXBuildFile; fileRef = 5C52F060242CC2B60011AEBA /* MVPTests.swift */; };
		5C52F070242D950E0011AEBA /* SimpleModel.swift in Sources */ = {isa = PBXBuildFile; fileRef = 5C52F06F242D950E0011AEBA /* SimpleModel.swift */; };
		5C52F072242D959C0011AEBA /* SimplePresenter.swift in Sources */ = {isa = PBXBuildFile; fileRef = 5C52F071242D959C0011AEBA /* SimplePresenter.swift */; };
/* End PBXBuildFile section */

/* Begin PBXContainerItemProxy section */
		5C52F05D242CC2B60011AEBA /* PBXContainerItemProxy */ = {
			isa = PBXContainerItemProxy;
			containerPortal = 5C52F03E242CC2B50011AEBA /* Project object */;
			proxyType = 1;
			remoteGlobalIDString = 5C52F045242CC2B50011AEBA;
			remoteInfo = MVP;
		};
/* End PBXContainerItemProxy section */

/* Begin PBXFileReference section */
		5C52F046242CC2B50011AEBA /* MVP.app */ = {isa = PBXFileReference; explicitFileType = wrapper.application; includeInIndex = 0; path = MVP.app; sourceTree = BUILT_PRODUCTS_DIR; };
		5C52F049242CC2B50011AEBA /* AppDelegate.swift */ = {isa = PBXFileReference; lastKnownFileType = sourcecode.swift; path = AppDelegate.swift; sourceTree = "<group>"; };
		5C52F04B242CC2B50011AEBA /* SceneDelegate.swift */ = {isa = PBXFileReference; lastKnownFileType = sourcecode.swift; path = SceneDelegate.swift; sourceTree = "<group>"; };
		5C52F04D242CC2B50011AEBA /* SimpleViewController.swift */ = {isa = PBXFileReference; lastKnownFileType = sourcecode.swift; path = SimpleViewController.swift; sourceTree = "<group>"; };
		5C52F050242CC2B50011AEBA /* Base */ = {isa = PBXFileReference; lastKnownFileType = file.storyboard; name = Base; path = Base.lproj/Main.storyboard; sourceTree = "<group>"; };
		5C52F052242CC2B60011AEBA /* Assets.xcassets */ = {isa = PBXFileReference; lastKnownFileType = folder.assetcatalog; path = Assets.xcassets; sourceTree = "<group>"; };
		5C52F055242CC2B60011AEBA /* Base */ = {isa = PBXFileReference; lastKnownFileType = file.storyboard; name = Base; path = Base.lproj/LaunchScreen.storyboard; sourceTree = "<group>"; };
		5C52F057242CC2B60011AEBA /* Info.plist */ = {isa = PBXFileReference; lastKnownFileType = text.plist.xml; path = Info.plist; sourceTree = "<group>"; };
		5C52F05C242CC2B60011AEBA /* MVPTests.xctest */ = {isa = PBXFileReference; explicitFileType = wrapper.cfbundle; includeInIndex = 0; path = MVPTests.xctest; sourceTree = BUILT_PRODUCTS_DIR; };
		5C52F060242CC2B60011AEBA /* MVPTests.swift */ = {isa = PBXFileReference; lastKnownFileType = sourcecode.swift; path = MVPTests.swift; sourceTree = "<group>"; };
		5C52F062242CC2B60011AEBA /* Info.plist */ = {isa = PBXFileReference; lastKnownFileType = text.plist.xml; path = Info.plist; sourceTree = "<group>"; };
		5C52F06F242D950E0011AEBA /* SimpleModel.swift */ = {isa = PBXFileReference; lastKnownFileType = sourcecode.swift; path = SimpleModel.swift; sourceTree = "<group>"; };
		5C52F071242D959C0011AEBA /* SimplePresenter.swift */ = {isa = PBXFileReference; lastKnownFileType = sourcecode.swift; path = SimplePresenter.swift; sourceTree = "<group>"; };
		5C52F073242D9D8B0011AEBA /* README.md */ = {isa = PBXFileReference; lastKnownFileType = net.daringfireball.markdown; path = README.md; sourceTree = "<group>"; };
/* End PBXFileReference section */

/* Begin PBXFrameworksBuildPhase section */
		5C52F043242CC2B50011AEBA /* Frameworks */ = {
			isa = PBXFrameworksBuildPhase;
			buildActionMask = 2147483647;
			files = (
			);
			runOnlyForDeploymentPostprocessing = 0;
		};
		5C52F059242CC2B60011AEBA /* Frameworks */ = {
			isa = PBXFrameworksBuildPhase;
			buildActionMask = 2147483647;
			files = (
			);
			runOnlyForDeploymentPostprocessing = 0;
		};
/* End PBXFrameworksBuildPhase section */

/* Begin PBXGroup section */
		5C52F03D242CC2B50011AEBA = {
			isa = PBXGroup;
			children = (
				5C52F073242D9D8B0011AEBA /* README.md */,
				5C52F048242CC2B50011AEBA /* MVP */,
				5C52F05F242CC2B60011AEBA /* MVPTests */,
				5C52F047242CC2B50011AEBA /* Products */,
			);
			sourceTree = "<group>";
		};
		5C52F047242CC2B50011AEBA /* Products */ = {
			isa = PBXGroup;
			children = (
				5C52F046242CC2B50011AEBA /* MVP.app */,
				5C52F05C242CC2B60011AEBA /* MVPTests.xctest */,
			);
			name = Products;
			sourceTree = "<group>";
		};
		5C52F048242CC2B50011AEBA /* MVP */ = {
			isa = PBXGroup;
			children = (
				5C52F049242CC2B50011AEBA /* AppDelegate.swift */,
				5C52F04B242CC2B50011AEBA /* SceneDelegate.swift */,
				5C52F06C242CC2DE0011AEBA /* Model */,
				5C52F06E242CC3020011AEBA /* View */,
				5C52F06D242CC2E90011AEBA /* Presenter */,
				5C52F06B242CC2C30011AEBA /* Supporting Files */,
			);
			path = MVP;
			sourceTree = "<group>";
		};
		5C52F05F242CC2B60011AEBA /* MVPTests */ = {
			isa = PBXGroup;
			children = (
				5C52F060242CC2B60011AEBA /* MVPTests.swift */,
				5C52F062242CC2B60011AEBA /* Info.plist */,
			);
			path = MVPTests;
			sourceTree = "<group>";
		};
		5C52F06B242CC2C30011AEBA /* Supporting Files */ = {
			isa = PBXGroup;
			children = (
				5C52F052242CC2B60011AEBA /* Assets.xcassets */,
				5C52F054242CC2B60011AEBA /* LaunchScreen.storyboard */,
				5C52F057242CC2B60011AEBA /* Info.plist */,
			);
			name = "Supporting Files";
			sourceTree = "<group>";
		};
		5C52F06C242CC2DE0011AEBA /* Model */ = {
			isa = PBXGroup;
			children = (
				5C52F06F242D950E0011AEBA /* SimpleModel.swift */,
			);
			path = Model;
			sourceTree = "<group>";
		};
		5C52F06D242CC2E90011AEBA /* Presenter */ = {
			isa = PBXGroup;
			children = (
				5C52F071242D959C0011AEBA /* SimplePresenter.swift */,
			);
			path = Presenter;
			sourceTree = "<group>";
		};
		5C52F06E242CC3020011AEBA /* View */ = {
			isa = PBXGroup;
			children = (
				5C52F04D242CC2B50011AEBA /* SimpleViewController.swift */,
				5C52F04F242CC2B50011AEBA /* Main.storyboard */,
			);
			path = View;
			sourceTree = "<group>";
		};
/* End PBXGroup section */

/* Begin PBXNativeTarget section */
		5C52F045242CC2B50011AEBA /* MVP */ = {
			isa = PBXNativeTarget;
			buildConfigurationList = 5C52F065242CC2B60011AEBA /* Build configuration list for PBXNativeTarget "MVP" */;
			buildPhases = (
				5C52F042242CC2B50011AEBA /* Sources */,
				5C52F043242CC2B50011AEBA /* Frameworks */,
				5C52F044242CC2B50011AEBA /* Resources */,
			);
			buildRules = (
			);
			dependencies = (
			);
			name = MVP;
			productName = MVP;
			productReference = 5C52F046242CC2B50011AEBA /* MVP.app */;
			productType = "com.apple.product-type.application";
		};
		5C52F05B242CC2B60011AEBA /* MVPTests */ = {
			isa = PBXNativeTarget;
			buildConfigurationList = 5C52F068242CC2B60011AEBA /* Build configuration list for PBXNativeTarget "MVPTests" */;
			buildPhases = (
				5C52F058242CC2B60011AEBA /* Sources */,
				5C52F059242CC2B60011AEBA /* Frameworks */,
				5C52F05A242CC2B60011AEBA /* Resources */,
			);
			buildRules = (
			);
			dependencies = (
				5C52F05E242CC2B60011AEBA /* PBXTargetDependency */,
			);
			name = MVPTests;
			productName = MVPTests;
			productReference = 5C52F05C242CC2B60011AEBA /* MVPTests.xctest */;
			productType = "com.apple.product-type.bundle.unit-test";
		};
/* End PBXNativeTarget section */

/* Begin PBXProject section */
		5C52F03E242CC2B50011AEBA /* Project object */ = {
			isa = PBXProject;
			attributes = {
				LastSwiftUpdateCheck = 1130;
				LastUpgradeCheck = 1130;
				ORGANIZATIONNAME = LMinh;
				TargetAttributes = {
					5C52F045242CC2B50011AEBA = {
						CreatedOnToolsVersion = 11.3.1;
					};
					5C52F05B242CC2B60011AEBA = {
						CreatedOnToolsVersion = 11.3.1;
						TestTargetID = 5C52F045242CC2B50011AEBA;
					};
				};
			};
			buildConfigurationList = 5C52F041242CC2B50011AEBA /* Build configuration list for PBXProject "MVP" */;
			compatibilityVersion = "Xcode 9.3";
			developmentRegion = en;
			hasScannedForEncodings = 0;
			knownRegions = (
				en,
				Base,
			);
			mainGroup = 5C52F03D242CC2B50011AEBA;
			productRefGroup = 5C52F047242CC2B50011AEBA /* Products */;
			projectDirPath = "";
			projectRoot = "";
			targets = (
				5C52F045242CC2B50011AEBA /* MVP */,
				5C52F05B242CC2B60011AEBA /* MVPTests */,
			);
		};
/* End PBXProject section */

/* Begin PBXResourcesBuildPhase section */
		5C52F044242CC2B50011AEBA /* Resources */ = {
			isa = PBXResourcesBuildPhase;
			buildActionMask = 2147483647;
			files = (
				5C52F056242CC2B60011AEBA /* LaunchScreen.storyboard in Resources */,
				5C52F053242CC2B60011AEBA /* Assets.xcassets in Resources */,
				5C52F051242CC2B50011AEBA /* Main.storyboard in Resources */,
			);
			runOnlyForDeploymentPostprocessing = 0;
		};
		5C52F05A242CC2B60011AEBA /* Resources */ = {
			isa = PBXResourcesBuildPhase;
			buildActionMask = 2147483647;
			files = (
			);
			runOnlyForDeploymentPostprocessing = 0;
		};
/* End PBXResourcesBuildPhase section */

/* Begin PBXSourcesBuildPhase section */
		5C52F042242CC2B50011AEBA /* Sources */ = {
			isa = PBXSourcesBuildPhase;
			buildActionMask = 2147483647;
			files = (
				5C52F04E242CC2B50011AEBA /* SimpleViewController.swift in Sources */,
				5C52F072242D959C0011AEBA /* SimplePresenter.swift in Sources */,
				5C52F04A242CC2B50011AEBA /* AppDelegate.swift in Sources */,
				5C52F04C242CC2B50011AEBA /* SceneDelegate.swift in Sources */,
				5C52F070242D950E0011AEBA /* SimpleModel.swift in Sources */,
			);
			runOnlyForDeploymentPostprocessing = 0;
		};
		5C52F058242CC2B60011AEBA /* Sources */ = {
			isa = PBXSourcesBuildPhase;
			buildActionMask = 2147483647;
			files = (
				5C52F061242CC2B60011AEBA /* MVPTests.swift in Sources */,
			);
			runOnlyForDeploymentPostprocessing = 0;
		};
/* End PBXSourcesBuildPhase section */

/* Begin PBXTargetDependency section */
		5C52F05E242CC2B60011AEBA /* PBXTargetDependency */ = {
			isa = PBXTargetDependency;
			target = 5C52F045242CC2B50011AEBA /* MVP */;
			targetProxy = 5C52F05D242CC2B60011AEBA /* PBXContainerItemProxy */;
		};
/* End PBXTargetDependency section */

/* Begin PBXVariantGroup section */
		5C52F04F242CC2B50011AEBA /* Main.storyboard */ = {
			isa = PBXVariantGroup;
			children = (
				5C52F050242CC2B50011AEBA /* Base */,
			);
			name = Main.storyboard;
			sourceTree = "<group>";
		};
		5C52F054242CC2B60011AEBA /* LaunchScreen.storyboard */ = {
			isa = PBXVariantGroup;
			children = (
				5C52F055242CC2B60011AEBA /* Base */,
			);
			name = LaunchScreen.storyboard;
			sourceTree = "<group>";
		};
/* End PBXVariantGroup section */

/* Begin XCBuildConfiguration section */
		5C52F063242CC2B60011AEBA /* Debug */ = {
			isa = XCBuildConfiguration;
			buildSettings = {
				ALWAYS_SEARCH_USER_PATHS = NO;
				CLANG_ANALYZER_NONNULL = YES;
				CLANG_ANALYZER_NUMBER_OBJECT_CONVERSION = YES_AGGRESSIVE;
				CLANG_CXX_LANGUAGE_STANDARD = "gnu++14";
				CLANG_CXX_LIBRARY = "libc++";
				CLANG_ENABLE_MODULES = YES;
				CLANG_ENABLE_OBJC_ARC = YES;
				CLANG_ENABLE_OBJC_WEAK = YES;
				CLANG_WARN_BLOCK_CAPTURE_AUTORELEASING = YES;
				CLANG_WARN_BOOL_CONVERSION = YES;
				CLANG_WARN_COMMA = YES;
				CLANG_WARN_CONSTANT_CONVERSION = YES;
				CLANG_WARN_DEPRECATED_OBJC_IMPLEMENTATIONS = YES;
				CLANG_WARN_DIRECT_OBJC_ISA_USAGE = YES_ERROR;
				CLANG_WARN_DOCUMENTATION_COMMENTS = YES;
				CLANG_WARN_EMPTY_BODY = YES;
				CLANG_WARN_ENUM_CONVERSION = YES;
				CLANG_WARN_INFINITE_RECURSION = YES;
				CLANG_WARN_INT_CONVERSION = YES;
				CLANG_WARN_NON_LITERAL_NULL_CONVERSION = YES;
				CLANG_WARN_OBJC_IMPLICIT_RETAIN_SELF = YES;
				CLANG_WARN_OBJC_LITERAL_CONVERSION = YES;
				CLANG_WARN_OBJC_ROOT_CLASS = YES_ERROR;
				CLANG_WARN_RANGE_LOOP_ANALYSIS = YES;
				CLANG_WARN_STRICT_PROTOTYPES = YES;
				CLANG_WARN_SUSPICIOUS_MOVE = YES;
				CLANG_WARN_UNGUARDED_AVAILABILITY = YES_AGGRESSIVE;
				CLANG_WARN_UNREACHABLE_CODE = YES;
				CLANG_WARN__DUPLICATE_METHOD_MATCH = YES;
				COPY_PHASE_STRIP = NO;
				DEBUG_INFORMATION_FORMAT = dwarf;
				ENABLE_STRICT_OBJC_MSGSEND = YES;
				ENABLE_TESTABILITY = YES;
				GCC_C_LANGUAGE_STANDARD = gnu11;
				GCC_DYNAMIC_NO_PIC = NO;
				GCC_NO_COMMON_BLOCKS = YES;
				GCC_OPTIMIZATION_LEVEL = 0;
				GCC_PREPROCESSOR_DEFINITIONS = (
					"DEBUG=1",
					"$(inherited)",
				);
				GCC_WARN_64_TO_32_BIT_CONVERSION = YES;
				GCC_WARN_ABOUT_RETURN_TYPE = YES_ERROR;
				GCC_WARN_UNDECLARED_SELECTOR = YES;
				GCC_WARN_UNINITIALIZED_AUTOS = YES_AGGRESSIVE;
				GCC_WARN_UNUSED_FUNCTION = YES;
				GCC_WARN_UNUSED_VARIABLE = YES;
				IPHONEOS_DEPLOYMENT_TARGET = 13.2;
				MTL_ENABLE_DEBUG_INFO = INCLUDE_SOURCE;
				MTL_FAST_MATH = YES;
				ONLY_ACTIVE_ARCH = YES;
				SDKROOT = iphoneos;
				SWIFT_ACTIVE_COMPILATION_CONDITIONS = DEBUG;
				SWIFT_OPTIMIZATION_LEVEL = "-Onone";
			};
			name = Debug;
		};
		5C52F064242CC2B60011AEBA /* Release */ = {
			isa = XCBuildConfiguration;
			buildSettings = {
				ALWAYS_SEARCH_USER_PATHS = NO;
				CLANG_ANALYZER_NONNULL = YES;
				CLANG_ANALYZER_NUMBER_OBJECT_CONVERSION = YES_AGGRESSIVE;
				CLANG_CXX_LANGUAGE_STANDARD = "gnu++14";
				CLANG_CXX_LIBRARY = "libc++";
				CLANG_ENABLE_MODULES = YES;
				CLANG_ENABLE_OBJC_ARC = YES;
				CLANG_ENABLE_OBJC_WEAK = YES;
				CLANG_WARN_BLOCK_CAPTURE_AUTORELEASING = YES;
				CLANG_WARN_BOOL_CONVERSION = YES;
				CLANG_WARN_COMMA = YES;
				CLANG_WARN_CONSTANT_CONVERSION = YES;
				CLANG_WARN_DEPRECATED_OBJC_IMPLEMENTATIONS = YES;
				CLANG_WARN_DIRECT_OBJC_ISA_USAGE = YES_ERROR;
				CLANG_WARN_DOCUMENTATION_COMMENTS = YES;
				CLANG_WARN_EMPTY_BODY = YES;
				CLANG_WARN_ENUM_CONVERSION = YES;
				CLANG_WARN_INFINITE_RECURSION = YES;
				CLANG_WARN_INT_CONVERSION = YES;
				CLANG_WARN_NON_LITERAL_NULL_CONVERSION = YES;
				CLANG_WARN_OBJC_IMPLICIT_RETAIN_SELF = YES;
				CLANG_WARN_OBJC_LITERAL_CONVERSION = YES;
				CLANG_WARN_OBJC_ROOT_CLASS = YES_ERROR;
				CLANG_WARN_RANGE_LOOP_ANALYSIS = YES;
				CLANG_WARN_STRICT_PROTOTYPES = YES;
				CLANG_WARN_SUSPICIOUS_MOVE = YES;
				CLANG_WARN_UNGUARDED_AVAILABILITY = YES_AGGRESSIVE;
				CLANG_WARN_UNREACHABLE_CODE = YES;
				CLANG_WARN__DUPLICATE_METHOD_MATCH = YES;
				COPY_PHASE_STRIP = NO;
				DEBUG_INFORMATION_FORMAT = "dwarf-with-dsym";
				ENABLE_NS_ASSERTIONS = NO;
				ENABLE_STRICT_OBJC_MSGSEND = YES;
				GCC_C_LANGUAGE_STANDARD = gnu11;
				GCC_NO_COMMON_BLOCKS = YES;
				GCC_WARN_64_TO_32_BIT_CONVERSION = YES;
				GCC_WARN_ABOUT_RETURN_TYPE = YES_ERROR;
				GCC_WARN_UNDECLARED_SELECTOR = YES;
				GCC_WARN_UNINITIALIZED_AUTOS = YES_AGGRESSIVE;
				GCC_WARN_UNUSED_FUNCTION = YES;
				GCC_WARN_UNUSED_VARIABLE = YES;
				IPHONEOS_DEPLOYMENT_TARGET = 13.2;
				MTL_ENABLE_DEBUG_INFO = NO;
				MTL_FAST_MATH = YES;
				SDKROOT = iphoneos;
				SWIFT_COMPILATION_MODE = wholemodule;
				SWIFT_OPTIMIZATION_LEVEL = "-O";
				VALIDATE_PRODUCT = YES;
			};
			name = Release;
		};
		5C52F066242CC2B60011AEBA /* Debug */ = {
			isa = XCBuildConfiguration;
			buildSettings = {
				ASSETCATALOG_COMPILER_APPICON_NAME = AppIcon;
				CODE_SIGN_STYLE = Automatic;
				DEVELOPMENT_TEAM = 6HXC4UA9AV;
				INFOPLIST_FILE = MVP/Info.plist;
				LD_RUNPATH_SEARCH_PATHS = (
					"$(inherited)",
					"@executable_path/Frameworks",
				);
				PRODUCT_BUNDLE_IDENTIFIER = com.lminh.MVP;
				PRODUCT_NAME = "$(TARGET_NAME)";
				SWIFT_VERSION = 5.0;
				TARGETED_DEVICE_FAMILY = "1,2";
			};
			name = Debug;
		};
		5C52F067242CC2B60011AEBA /* Release */ = {
			isa = XCBuildConfiguration;
			buildSettings = {
				ASSETCATALOG_COMPILER_APPICON_NAME = AppIcon;
				CODE_SIGN_STYLE = Automatic;
				DEVELOPMENT_TEAM = 6HXC4UA9AV;
				INFOPLIST_FILE = MVP/Info.plist;
				LD_RUNPATH_SEARCH_PATHS = (
					"$(inherited)",
					"@executable_path/Frameworks",
				);
				PRODUCT_BUNDLE_IDENTIFIER = com.lminh.MVP;
				PRODUCT_NAME = "$(TARGET_NAME)";
				SWIFT_VERSION = 5.0;
				TARGETED_DEVICE_FAMILY = "1,2";
			};
			name = Release;
		};
		5C52F069242CC2B60011AEBA /* Debug */ = {
			isa = XCBuildConfiguration;
			buildSettings = {
				ALWAYS_EMBED_SWIFT_STANDARD_LIBRARIES = YES;
				BUNDLE_LOADER = "$(TEST_HOST)";
				CODE_SIGN_STYLE = Automatic;
				DEVELOPMENT_TEAM = 6HXC4UA9AV;
				INFOPLIST_FILE = MVPTests/Info.plist;
				IPHONEOS_DEPLOYMENT_TARGET = 13.2;
				LD_RUNPATH_SEARCH_PATHS = (
					"$(inherited)",
					"@executable_path/Frameworks",
					"@loader_path/Frameworks",
				);
				PRODUCT_BUNDLE_IDENTIFIER = com.lminh.MVPTests;
				PRODUCT_NAME = "$(TARGET_NAME)";
				SWIFT_VERSION = 5.0;
				TARGETED_DEVICE_FAMILY = "1,2";
				TEST_HOST = "$(BUILT_PRODUCTS_DIR)/MVP.app/MVP";
			};
			name = Debug;
		};
		5C52F06A242CC2B60011AEBA /* Release */ = {
			isa = XCBuildConfiguration;
			buildSettings = {
				ALWAYS_EMBED_SWIFT_STANDARD_LIBRARIES = YES;
				BUNDLE_LOADER = "$(TEST_HOST)";
				CODE_SIGN_STYLE = Automatic;
				DEVELOPMENT_TEAM = 6HXC4UA9AV;
				INFOPLIST_FILE = MVPTests/Info.plist;
				IPHONEOS_DEPLOYMENT_TARGET = 13.2;
				LD_RUNPATH_SEARCH_PATHS = (
					"$(inherited)",
					"@executable_path/Frameworks",
					"@loader_path/Frameworks",
				);
				PRODUCT_BUNDLE_IDENTIFIER = com.lminh.MVPTests;
				PRODUCT_NAME = "$(TARGET_NAME)";
				SWIFT_VERSION = 5.0;
				TARGETED_DEVICE_FAMILY = "1,2";
				TEST_HOST = "$(BUILT_PRODUCTS_DIR)/MVP.app/MVP";
			};
			name = Release;
		};
/* End XCBuildConfiguration section */

/* Begin XCConfigurationList section */
		5C52F041242CC2B50011AEBA /* Build configuration list for PBXProject "MVP" */ = {
			isa = XCConfigurationList;
			buildConfigurations = (
				5C52F063242CC2B60011AEBA /* Debug */,
				5C52F064242CC2B60011AEBA /* Release */,
			);
			defaultConfigurationIsVisible = 0;
			defaultConfigurationName = Release;
		};
		5C52F065242CC2B60011AEBA /* Build configuration list for PBXNativeTarget "MVP" */ = {
			isa = XCConfigurationList;
			buildConfigurations = (
				5C52F066242CC2B60011AEBA /* Debug */,
				5C52F067242CC2B60011AEBA /* Release */,
			);
			defaultConfigurationIsVisible = 0;
			defaultConfigurationName = Release;
		};
		5C52F068242CC2B60011AEBA /* Build configuration list for PBXNativeTarget "MVPTests" */ = {
			isa = XCConfigurationList;
			buildConfigurations = (
				5C52F069242CC2B60011AEBA /* Debug */,
				5C52F06A242CC2B60011AEBA /* Release */,
			);
			defaultConfigurationIsVisible = 0;
			defaultConfigurationName = Release;
		};
/* End XCConfigurationList section */
	};
	rootObject = 5C52F03E242CC2B50011AEBA /* Project object */;
}
